// !$*UTF8*$!
{
	archiveVersion = 1;
	classes = {
	};
	objectVersion = 50;
	objects = {

/* Begin PBXBuildFile section */
		A9AD420A24F8DA85006B173B /* main.m in Sources */ = {isa = PBXBuildFile; fileRef = A9AD420924F8DA85006B173B /* main.m */; };
		A9AD421324F8DABB006B173B /* Person.m in Sources */ = {isa = PBXBuildFile; fileRef = A9AD421224F8DABB006B173B /* Person.m */; };
		A9BF94C024F8154C002791B0 /* main.m in Sources */ = {isa = PBXBuildFile; fileRef = A9BF94BF24F8154C002791B0 /* main.m */; };
/* End PBXBuildFile section */

/* Begin PBXCopyFilesBuildPhase section */
		A9AD420524F8DA85006B173B /* CopyFiles */ = {
			isa = PBXCopyFilesBuildPhase;
			buildActionMask = 2147483647;
			dstPath = /usr/share/man/man1/;
			dstSubfolderSpec = 0;
			files = (
			);
			runOnlyForDeploymentPostprocessing = 1;
		};
		A9BF94BA24F8154C002791B0 /* CopyFiles */ = {
			isa = PBXCopyFilesBuildPhase;
			buildActionMask = 2147483647;
			dstPath = /usr/share/man/man1/;
			dstSubfolderSpec = 0;
			files = (
			);
			runOnlyForDeploymentPostprocessing = 1;
		};
/* End PBXCopyFilesBuildPhase section */

/* Begin PBXFileReference section */
		A9AD420724F8DA85006B173B /* %@ 重写description方法 */ = {isa = PBXFileReference; explicitFileType = "compiled.mach-o.executable"; includeInIndex = 0; path = "%@ 重写description方法"; sourceTree = BUILT_PRODUCTS_DIR; };
		A9AD420924F8DA85006B173B /* main.m */ = {isa = PBXFileReference; lastKnownFileType = sourcecode.c.objc; path = main.m; sourceTree = "<group>"; };
		A9AD421124F8DABB006B173B /* Person.h */ = {isa = PBXFileReference; lastKnownFileType = sourcecode.c.h; path = Person.h; sourceTree = "<group>"; };
		A9AD421224F8DABB006B173B /* Person.m */ = {isa = PBXFileReference; lastKnownFileType = sourcecode.c.objc; path = Person.m; sourceTree = "<group>"; };
		A9BF94BC24F8154C002791B0 /* 字符串简介 */ = {isa = PBXFileReference; explicitFileType = "compiled.mach-o.executable"; includeInIndex = 0; path = "字符串简介"; sourceTree = BUILT_PRODUCTS_DIR; };
		A9BF94BF24F8154C002791B0 /* main.m */ = {isa = PBXFileReference; lastKnownFileType = sourcecode.c.objc; path = main.m; sourceTree = "<group>"; };
/* End PBXFileReference section */

/* Begin PBXFrameworksBuildPhase section */
		A9AD420424F8DA85006B173B /* Frameworks */ = {
			isa = PBXFrameworksBuildPhase;
			buildActionMask = 2147483647;
			files = (
			);
			runOnlyForDeploymentPostprocessing = 0;
		};
		A9BF94B924F8154C002791B0 /* Frameworks */ = {
			isa = PBXFrameworksBuildPhase;
			buildActionMask = 2147483647;
			files = (
			);
			runOnlyForDeploymentPostprocessing = 0;
		};
/* End PBXFrameworksBuildPhase section */

/* Begin PBXGroup section */
		A9AD420824F8DA85006B173B /* %@ 重写description方法 */ = {
			isa = PBXGroup;
			children = (
				A9AD420924F8DA85006B173B /* main.m */,
				A9AD421124F8DABB006B173B /* Person.h */,
				A9AD421224F8DABB006B173B /* Person.m */,
			);
			path = "%@ 重写description方法";
			sourceTree = "<group>";
		};
		A9BF94B324F8154C002791B0 = {
			isa = PBXGroup;
			children = (
				A9BF94BE24F8154C002791B0 /* 字符串简介 */,
				A9AD420824F8DA85006B173B /* %@ 重写description方法 */,
				A9BF94BD24F8154C002791B0 /* Products */,
			);
			sourceTree = "<group>";
		};
		A9BF94BD24F8154C002791B0 /* Products */ = {
			isa = PBXGroup;
			children = (
				A9BF94BC24F8154C002791B0 /* 字符串简介 */,
				A9AD420724F8DA85006B173B /* %@ 重写description方法 */,
			);
			name = Products;
			sourceTree = "<group>";
		};
		A9BF94BE24F8154C002791B0 /* 字符串简介 */ = {
			isa = PBXGroup;
			children = (
				A9BF94BF24F8154C002791B0 /* main.m */,
			);
			path = "字符串简介";
			sourceTree = "<group>";
		};
/* End PBXGroup section */

/* Begin PBXNativeTarget section */
		A9AD420624F8DA85006B173B /* %@ 重写description方法 */ = {
			isa = PBXNativeTarget;
			buildConfigurationList = A9AD420D24F8DA85006B173B /* Build configuration list for PBXNativeTarget "%@ 重写description方法" */;
			buildPhases = (
				A9AD420324F8DA85006B173B /* Sources */,
				A9AD420424F8DA85006B173B /* Frameworks */,
				A9AD420524F8DA85006B173B /* CopyFiles */,
			);
			buildRules = (
			);
			dependencies = (
			);
			name = "%@ 重写description方法";
			productName = "%@ 重写description方法";
			productReference = A9AD420724F8DA85006B173B /* %@ 重写description方法 */;
			productType = "com.apple.product-type.tool";
		};
		A9BF94BB24F8154C002791B0 /* 字符串简介 */ = {
			isa = PBXNativeTarget;
			buildConfigurationList = A9BF94C324F8154C002791B0 /* Build configuration list for PBXNativeTarget "字符串简介" */;
			buildPhases = (
				A9BF94B824F8154C002791B0 /* Sources */,
				A9BF94B924F8154C002791B0 /* Frameworks */,
				A9BF94BA24F8154C002791B0 /* CopyFiles */,
			);
			buildRules = (
			);
			dependencies = (
			);
			name = "字符串简介";
			productName = "字符串简介";
			productReference = A9BF94BC24F8154C002791B0 /* 字符串简介 */;
			productType = "com.apple.product-type.tool";
		};
/* End PBXNativeTarget section */

/* Begin PBXProject section */
		A9BF94B424F8154C002791B0 /* Project object */ = {
			isa = PBXProject;
			attributes = {
				LastUpgradeCheck = 1130;
				ORGANIZATIONNAME = Marko;
				TargetAttributes = {
					A9AD420624F8DA85006B173B = {
						CreatedOnToolsVersion = 11.3.1;
					};
					A9BF94BB24F8154C002791B0 = {
						CreatedOnToolsVersion = 11.3.1;
					};
				};
			};
			buildConfigurationList = A9BF94B724F8154C002791B0 /* Build configuration list for PBXProject "字符串简介" */;
			compatibilityVersion = "Xcode 9.3";
			developmentRegion = en;
			hasScannedForEncodings = 0;
			knownRegions = (
				en,
				Base,
			);
			mainGroup = A9BF94B324F8154C002791B0;
			productRefGroup = A9BF94BD24F8154C002791B0 /* Products */;
			projectDirPath = "";
			projectRoot = "";
			targets = (
				A9BF94BB24F8154C002791B0 /* 字符串简介 */,
				A9AD420624F8DA85006B173B /* %@ 重写description方法 */,
			);
		};
/* End PBXProject section */

/* Begin PBXSourcesBuildPhase section */
		A9AD420324F8DA85006B173B /* Sources */ = {
			isa = PBXSourcesBuildPhase;
			buildActionMask = 2147483647;
			files = (
				A9AD421324F8DABB006B173B /* Person.m in Sources */,
				A9AD420A24F8DA85006B173B /* main.m in Sources */,
			);
			runOnlyForDeploymentPostprocessing = 0;
		};
		A9BF94B824F8154C002791B0 /* Sources */ = {
			isa = PBXSourcesBuildPhase;
			buildActionMask = 2147483647;
			files = (
				A9BF94C024F8154C002791B0 /* main.m in Sources */,
			);
			runOnlyForDeploymentPostprocessing = 0;
		};
/* End PBXSourcesBuildPhase section */

/* Begin XCBuildConfiguration section */
		A9AD420B24F8DA85006B173B /* Debug */ = {
			isa = XCBuildConfiguration;
			buildSettings = {
				CODE_SIGN_STYLE = Automatic;
				PRODUCT_NAME = "$(TARGET_NAME)";
			};
			name = Debug;
		};
		A9AD420C24F8DA85006B173B /* Release */ = {
			isa = XCBuildConfiguration;
			buildSettings = {
				CODE_SIGN_STYLE = Automatic;
				PRODUCT_NAME = "$(TARGET_NAME)";
			};
			name = Release;
		};
		A9BF94C124F8154C002791B0 /* Debug */ = {
			isa = XCBuildConfiguration;
			buildSettings = {
				ALWAYS_SEARCH_USER_PATHS = NO;
				CLANG_ANALYZER_NONNULL = YES;
				CLANG_ANALYZER_NUMBER_OBJECT_CONVERSION = YES_AGGRESSIVE;
				CLANG_CXX_LANGUAGE_STANDARD = "gnu++14";
				CLANG_CXX_LIBRARY = "libc++";
				CLANG_ENABLE_MODULES = YES;
				CLANG_ENABLE_OBJC_ARC = YES;
				CLANG_ENABLE_OBJC_WEAK = YES;
				CLANG_WARN_BLOCK_CAPTURE_AUTORELEASING = YES;
				CLANG_WARN_BOOL_CONVERSION = YES;
				CLANG_WARN_COMMA = YES;
				CLANG_WARN_CONSTANT_CONVERSION = YES;
				CLANG_WARN_DEPRECATED_OBJC_IMPLEMENTATIONS = YES;
				CLANG_WARN_DIRECT_OBJC_ISA_USAGE = YES_ERROR;
				CLANG_WARN_DOCUMENTATION_COMMENTS = YES;
				CLANG_WARN_EMPTY_BODY = YES;
				CLANG_WARN_ENUM_CONVERSION = YES;
				CLANG_WARN_INFINITE_RECURSION = YES;
				CLANG_WARN_INT_CONVERSION = YES;
				CLANG_WARN_NON_LITERAL_NULL_CONVERSION = YES;
				CLANG_WARN_OBJC_IMPLICIT_RETAIN_SELF = YES;
				CLANG_WARN_OBJC_LITERAL_CONVERSION = YES;
				CLANG_WARN_OBJC_ROOT_CLASS = YES_ERROR;
				CLANG_WARN_RANGE_LOOP_ANALYSIS = YES;
				CLANG_WARN_STRICT_PROTOTYPES = YES;
				CLANG_WARN_SUSPICIOUS_MOVE = YES;
				CLANG_WARN_UNGUARDED_AVAILABILITY = YES_AGGRESSIVE;
				CLANG_WARN_UNREACHABLE_CODE = YES;
				CLANG_WARN__DUPLICATE_METHOD_MATCH = YES;
				COPY_PHASE_STRIP = NO;
				DEBUG_INFORMATION_FORMAT = dwarf;
				ENABLE_STRICT_OBJC_MSGSEND = YES;
				ENABLE_TESTABILITY = YES;
				GCC_C_LANGUAGE_STANDARD = gnu11;
				GCC_DYNAMIC_NO_PIC = NO;
				GCC_NO_COMMON_BLOCKS = YES;
				GCC_OPTIMIZATION_LEVEL = 0;
				GCC_PREPROCESSOR_DEFINITIONS = (
					"DEBUG=1",
					"$(inherited)",
				);
				GCC_WARN_64_TO_32_BIT_CONVERSION = YES;
				GCC_WARN_ABOUT_RETURN_TYPE = YES_ERROR;
				GCC_WARN_UNDECLARED_SELECTOR = YES;
				GCC_WARN_UNINITIALIZED_AUTOS = YES_AGGRESSIVE;
				GCC_WARN_UNUSED_FUNCTION = YES;
				GCC_WARN_UNUSED_VARIABLE = YES;
				MACOSX_DEPLOYMENT_TARGET = 10.15;
				MTL_ENABLE_DEBUG_INFO = INCLUDE_SOURCE;
				MTL_FAST_MATH = YES;
				ONLY_ACTIVE_ARCH = YES;
				SDKROOT = macosx;
			};
			name = Debug;
		};
		A9BF94C224F8154C002791B0 /* Release */ = {
			isa = XCBuildConfiguration;
			buildSettings = {
				ALWAYS_SEARCH_USER_PATHS = NO;
				CLANG_ANALYZER_NONNULL = YES;
				CLANG_ANALYZER_NUMBER_OBJECT_CONVERSION = YES_AGGRESSIVE;
				CLANG_CXX_LANGUAGE_STANDARD = "gnu++14";
				CLANG_CXX_LIBRARY = "libc++";
				CLANG_ENABLE_MODULES = YES;
				CLANG_ENABLE_OBJC_ARC = YES;
				CLANG_ENABLE_OBJC_WEAK = YES;
				CLANG_WARN_BLOCK_CAPTURE_AUTORELEASING = YES;
				CLANG_WARN_BOOL_CONVERSION = YES;
				CLANG_WARN_COMMA = YES;
				CLANG_WARN_CONSTANT_CONVERSION = YES;
				CLANG_WARN_DEPRECATED_OBJC_IMPLEMENTATIONS = YES;
				CLANG_WARN_DIRECT_OBJC_ISA_USAGE = YES_ERROR;
				CLANG_WARN_DOCUMENTATION_COMMENTS = YES;
				CLANG_WARN_EMPTY_BODY = YES;
				CLANG_WARN_ENUM_CONVERSION = YES;
				CLANG_WARN_INFINITE_RECURSION = YES;
				CLANG_WARN_INT_CONVERSION = YES;
				CLANG_WARN_NON_LITERAL_NULL_CONVERSION = YES;
				CLANG_WARN_OBJC_IMPLICIT_RETAIN_SELF = YES;
				CLANG_WARN_OBJC_LITERAL_CONVERSION = YES;
				CLANG_WARN_OBJC_ROOT_CLASS = YES_ERROR;
				CLANG_WARN_RANGE_LOOP_ANALYSIS = YES;
				CLANG_WARN_STRICT_PROTOTYPES = YES;
				CLANG_WARN_SUSPICIOUS_MOVE = YES;
				CLANG_WARN_UNGUARDED_AVAILABILITY = YES_AGGRESSIVE;
				CLANG_WARN_UNREACHABLE_CODE = YES;
				CLANG_WARN__DUPLICATE_METHOD_MATCH = YES;
				COPY_PHASE_STRIP = NO;
				DEBUG_INFORMATION_FORMAT = "dwarf-with-dsym";
				ENABLE_NS_ASSERTIONS = NO;
				ENABLE_STRICT_OBJC_MSGSEND = YES;
				GCC_C_LANGUAGE_STANDARD = gnu11;
				GCC_NO_COMMON_BLOCKS = YES;
				GCC_WARN_64_TO_32_BIT_CONVERSION = YES;
				GCC_WARN_ABOUT_RETURN_TYPE = YES_ERROR;
				GCC_WARN_UNDECLARED_SELECTOR = YES;
				GCC_WARN_UNINITIALIZED_AUTOS = YES_AGGRESSIVE;
				GCC_WARN_UNUSED_FUNCTION = YES;
				GCC_WARN_UNUSED_VARIABLE = YES;
				MACOSX_DEPLOYMENT_TARGET = 10.15;
				MTL_ENABLE_DEBUG_INFO = NO;
				MTL_FAST_MATH = YES;
				SDKROOT = macosx;
			};
			name = Release;
		};
		A9BF94C424F8154C002791B0 /* Debug */ = {
			isa = XCBuildConfiguration;
			buildSettings = {
				CODE_SIGN_STYLE = Automatic;
				PRODUCT_NAME = "$(TARGET_NAME)";
			};
			name = Debug;
		};
		A9BF94C524F8154C002791B0 /* Release */ = {
			isa = XCBuildConfiguration;
			buildSettings = {
				CODE_SIGN_STYLE = Automatic;
				PRODUCT_NAME = "$(TARGET_NAME)";
			};
			name = Release;
		};
/* End XCBuildConfiguration section */

/* Begin XCConfigurationList section */
		A9AD420D24F8DA85006B173B /* Build configuration list for PBXNativeTarget "%@ 重写description方法" */ = {
			isa = XCConfigurationList;
			buildConfigurations = (
				A9AD420B24F8DA85006B173B /* Debug */,
				A9AD420C24F8DA85006B173B /* Release */,
			);
			defaultConfigurationIsVisible = 0;
			defaultConfigurationName = Release;
		};
		A9BF94B724F8154C002791B0 /* Build configuration list for PBXProject "字符串简介" */ = {
			isa = XCConfigurationList;
			buildConfigurations = (
				A9BF94C124F8154C002791B0 /* Debug */,
				A9BF94C224F8154C002791B0 /* Release */,
			);
			defaultConfigurationIsVisible = 0;
			defaultConfigurationName = Release;
		};
		A9BF94C324F8154C002791B0 /* Build configuration list for PBXNativeTarget "字符串简介" */ = {
			isa = XCConfigurationList;
			buildConfigurations = (
				A9BF94C424F8154C002791B0 /* Debug */,
				A9BF94C524F8154C002791B0 /* Release */,
			);
			defaultConfigurationIsVisible = 0;
			defaultConfigurationName = Release;
		};
/* End XCConfigurationList section */
	};
	rootObject = A9BF94B424F8154C002791B0 /* Project object */;
}
