// !$*UTF8*$!
{
	archiveVersion = 1;
	classes = {
	};
	objectVersion = 50;
	objects = {

/* Begin PBXBuildFile section */
		A9AD422124F8DE2B006B173B /* main.m in Sources */ = {isa = PBXBuildFile; fileRef = A9AD422024F8DE2B006B173B /* main.m */; };
		A9AD422924F8DE34006B173B /* Person.m in Sources */ = {isa = PBXBuildFile; fileRef = A9AD422824F8DE34006B173B /* Person.m */; };
		A9AD423124F8DF16006B173B /* main.m in Sources */ = {isa = PBXBuildFile; fileRef = A9AD423024F8DF16006B173B /* main.m */; };
		A9AD423724F8DF22006B173B /* Animal.m in Sources */ = {isa = PBXBuildFile; fileRef = A9AD423624F8DF22006B173B /* Animal.m */; };
		A9AD423A24F8DF36006B173B /* Dog.m in Sources */ = {isa = PBXBuildFile; fileRef = A9AD423924F8DF36006B173B /* Dog.m */; };
/* End PBXBuildFile section */

/* Begin PBXCopyFilesBuildPhase section */
		A9AD421B24F8DE2B006B173B /* CopyFiles */ = {
			isa = PBXCopyFilesBuildPhase;
			buildActionMask = 2147483647;
			dstPath = /usr/share/man/man1/;
			dstSubfolderSpec = 0;
			files = (
			);
			runOnlyForDeploymentPostprocessing = 1;
		};
		A9AD422C24F8DF16006B173B /* CopyFiles */ = {
			isa = PBXCopyFilesBuildPhase;
			buildActionMask = 2147483647;
			dstPath = /usr/share/man/man1/;
			dstSubfolderSpec = 0;
			files = (
			);
			runOnlyForDeploymentPostprocessing = 1;
		};
/* End PBXCopyFilesBuildPhase section */

/* Begin PBXFileReference section */
		A9AD421D24F8DE2B006B173B /* self description */ = {isa = PBXFileReference; explicitFileType = "compiled.mach-o.executable"; includeInIndex = 0; path = "self description"; sourceTree = BUILT_PRODUCTS_DIR; };
		A9AD422024F8DE2B006B173B /* main.m */ = {isa = PBXFileReference; lastKnownFileType = sourcecode.c.objc; path = main.m; sourceTree = "<group>"; };
		A9AD422724F8DE34006B173B /* Person.h */ = {isa = PBXFileReference; lastKnownFileType = sourcecode.c.h; path = Person.h; sourceTree = "<group>"; };
		A9AD422824F8DE34006B173B /* Person.m */ = {isa = PBXFileReference; lastKnownFileType = sourcecode.c.objc; path = Person.m; sourceTree = "<group>"; };
		A9AD422E24F8DF16006B173B /* 多态 */ = {isa = PBXFileReference; explicitFileType = "compiled.mach-o.executable"; includeInIndex = 0; path = "多态"; sourceTree = BUILT_PRODUCTS_DIR; };
		A9AD423024F8DF16006B173B /* main.m */ = {isa = PBXFileReference; lastKnownFileType = sourcecode.c.objc; path = main.m; sourceTree = "<group>"; };
		A9AD423524F8DF22006B173B /* Animal.h */ = {isa = PBXFileReference; lastKnownFileType = sourcecode.c.h; path = Animal.h; sourceTree = "<group>"; };
		A9AD423624F8DF22006B173B /* Animal.m */ = {isa = PBXFileReference; lastKnownFileType = sourcecode.c.objc; path = Animal.m; sourceTree = "<group>"; };
		A9AD423824F8DF36006B173B /* Dog.h */ = {isa = PBXFileReference; lastKnownFileType = sourcecode.c.h; path = Dog.h; sourceTree = "<group>"; };
		A9AD423924F8DF36006B173B /* Dog.m */ = {isa = PBXFileReference; lastKnownFileType = sourcecode.c.objc; path = Dog.m; sourceTree = "<group>"; };
/* End PBXFileReference section */

/* Begin PBXFrameworksBuildPhase section */
		A9AD421A24F8DE2B006B173B /* Frameworks */ = {
			isa = PBXFrameworksBuildPhase;
			buildActionMask = 2147483647;
			files = (
			);
			runOnlyForDeploymentPostprocessing = 0;
		};
		A9AD422B24F8DF16006B173B /* Frameworks */ = {
			isa = PBXFrameworksBuildPhase;
			buildActionMask = 2147483647;
			files = (
			);
			runOnlyForDeploymentPostprocessing = 0;
		};
/* End PBXFrameworksBuildPhase section */

/* Begin PBXGroup section */
		A9AD421424F8DE2B006B173B = {
			isa = PBXGroup;
			children = (
				A9AD421F24F8DE2B006B173B /* self description */,
				A9AD422F24F8DF16006B173B /* 多态 */,
				A9AD421E24F8DE2B006B173B /* Products */,
			);
			sourceTree = "<group>";
		};
		A9AD421E24F8DE2B006B173B /* Products */ = {
			isa = PBXGroup;
			children = (
				A9AD421D24F8DE2B006B173B /* self description */,
				A9AD422E24F8DF16006B173B /* 多态 */,
			);
			name = Products;
			sourceTree = "<group>";
		};
		A9AD421F24F8DE2B006B173B /* self description */ = {
			isa = PBXGroup;
			children = (
				A9AD422024F8DE2B006B173B /* main.m */,
				A9AD422724F8DE34006B173B /* Person.h */,
				A9AD422824F8DE34006B173B /* Person.m */,
			);
			path = "self description";
			sourceTree = "<group>";
		};
		A9AD422F24F8DF16006B173B /* 多态 */ = {
			isa = PBXGroup;
			children = (
				A9AD423024F8DF16006B173B /* main.m */,
				A9AD423524F8DF22006B173B /* Animal.h */,
				A9AD423624F8DF22006B173B /* Animal.m */,
				A9AD423824F8DF36006B173B /* Dog.h */,
				A9AD423924F8DF36006B173B /* Dog.m */,
			);
			path = "多态";
			sourceTree = "<group>";
		};
/* End PBXGroup section */

/* Begin PBXNativeTarget section */
		A9AD421C24F8DE2B006B173B /* self description */ = {
			isa = PBXNativeTarget;
			buildConfigurationList = A9AD422424F8DE2B006B173B /* Build configuration list for PBXNativeTarget "self description" */;
			buildPhases = (
				A9AD421924F8DE2B006B173B /* Sources */,
				A9AD421A24F8DE2B006B173B /* Frameworks */,
				A9AD421B24F8DE2B006B173B /* CopyFiles */,
			);
			buildRules = (
			);
			dependencies = (
			);
			name = "self description";
			productName = "self description";
			productReference = A9AD421D24F8DE2B006B173B /* self description */;
			productType = "com.apple.product-type.tool";
		};
		A9AD422D24F8DF16006B173B /* 多态 */ = {
			isa = PBXNativeTarget;
			buildConfigurationList = A9AD423224F8DF16006B173B /* Build configuration list for PBXNativeTarget "多态" */;
			buildPhases = (
				A9AD422A24F8DF16006B173B /* Sources */,
				A9AD422B24F8DF16006B173B /* Frameworks */,
				A9AD422C24F8DF16006B173B /* CopyFiles */,
			);
			buildRules = (
			);
			dependencies = (
			);
			name = "多态";
			productName = "多态";
			productReference = A9AD422E24F8DF16006B173B /* 多态 */;
			productType = "com.apple.product-type.tool";
		};
/* End PBXNativeTarget section */

/* Begin PBXProject section */
		A9AD421524F8DE2B006B173B /* Project object */ = {
			isa = PBXProject;
			attributes = {
				LastUpgradeCheck = 1130;
				ORGANIZATIONNAME = Marko;
				TargetAttributes = {
					A9AD421C24F8DE2B006B173B = {
						CreatedOnToolsVersion = 11.3.1;
					};
					A9AD422D24F8DF16006B173B = {
						CreatedOnToolsVersion = 11.3.1;
					};
				};
			};
			buildConfigurationList = A9AD421824F8DE2B006B173B /* Build configuration list for PBXProject "self description" */;
			compatibilityVersion = "Xcode 9.3";
			developmentRegion = en;
			hasScannedForEncodings = 0;
			knownRegions = (
				en,
				Base,
			);
			mainGroup = A9AD421424F8DE2B006B173B;
			productRefGroup = A9AD421E24F8DE2B006B173B /* Products */;
			projectDirPath = "";
			projectRoot = "";
			targets = (
				A9AD421C24F8DE2B006B173B /* self description */,
				A9AD422D24F8DF16006B173B /* 多态 */,
			);
		};
/* End PBXProject section */

/* Begin PBXSourcesBuildPhase section */
		A9AD421924F8DE2B006B173B /* Sources */ = {
			isa = PBXSourcesBuildPhase;
			buildActionMask = 2147483647;
			files = (
				A9AD422924F8DE34006B173B /* Person.m in Sources */,
				A9AD422124F8DE2B006B173B /* main.m in Sources */,
			);
			runOnlyForDeploymentPostprocessing = 0;
		};
		A9AD422A24F8DF16006B173B /* Sources */ = {
			isa = PBXSourcesBuildPhase;
			buildActionMask = 2147483647;
			files = (
				A9AD423A24F8DF36006B173B /* Dog.m in Sources */,
				A9AD423124F8DF16006B173B /* main.m in Sources */,
				A9AD423724F8DF22006B173B /* Animal.m in Sources */,
			);
			runOnlyForDeploymentPostprocessing = 0;
		};
/* End PBXSourcesBuildPhase section */

/* Begin XCBuildConfiguration section */
		A9AD422224F8DE2B006B173B /* Debug */ = {
			isa = XCBuildConfiguration;
			buildSettings = {
				ALWAYS_SEARCH_USER_PATHS = NO;
				CLANG_ANALYZER_NONNULL = YES;
				CLANG_ANALYZER_NUMBER_OBJECT_CONVERSION = YES_AGGRESSIVE;
				CLANG_CXX_LANGUAGE_STANDARD = "gnu++14";
				CLANG_CXX_LIBRARY = "libc++";
				CLANG_ENABLE_MODULES = YES;
				CLANG_ENABLE_OBJC_ARC = YES;
				CLANG_ENABLE_OBJC_WEAK = YES;
				CLANG_WARN_BLOCK_CAPTURE_AUTORELEASING = YES;
				CLANG_WARN_BOOL_CONVERSION = YES;
				CLANG_WARN_COMMA = YES;
				CLANG_WARN_CONSTANT_CONVERSION = YES;
				CLANG_WARN_DEPRECATED_OBJC_IMPLEMENTATIONS = YES;
				CLANG_WARN_DIRECT_OBJC_ISA_USAGE = YES_ERROR;
				CLANG_WARN_DOCUMENTATION_COMMENTS = YES;
				CLANG_WARN_EMPTY_BODY = YES;
				CLANG_WARN_ENUM_CONVERSION = YES;
				CLANG_WARN_INFINITE_RECURSION = YES;
				CLANG_WARN_INT_CONVERSION = YES;
				CLANG_WARN_NON_LITERAL_NULL_CONVERSION = YES;
				CLANG_WARN_OBJC_IMPLICIT_RETAIN_SELF = YES;
				CLANG_WARN_OBJC_LITERAL_CONVERSION = YES;
				CLANG_WARN_OBJC_ROOT_CLASS = YES_ERROR;
				CLANG_WARN_RANGE_LOOP_ANALYSIS = YES;
				CLANG_WARN_STRICT_PROTOTYPES = YES;
				CLANG_WARN_SUSPICIOUS_MOVE = YES;
				CLANG_WARN_UNGUARDED_AVAILABILITY = YES_AGGRESSIVE;
				CLANG_WARN_UNREACHABLE_CODE = YES;
				CLANG_WARN__DUPLICATE_METHOD_MATCH = YES;
				COPY_PHASE_STRIP = NO;
				DEBUG_INFORMATION_FORMAT = dwarf;
				ENABLE_STRICT_OBJC_MSGSEND = YES;
				ENABLE_TESTABILITY = YES;
				GCC_C_LANGUAGE_STANDARD = gnu11;
				GCC_DYNAMIC_NO_PIC = NO;
				GCC_NO_COMMON_BLOCKS = YES;
				GCC_OPTIMIZATION_LEVEL = 0;
				GCC_PREPROCESSOR_DEFINITIONS = (
					"DEBUG=1",
					"$(inherited)",
				);
				GCC_WARN_64_TO_32_BIT_CONVERSION = YES;
				GCC_WARN_ABOUT_RETURN_TYPE = YES_ERROR;
				GCC_WARN_UNDECLARED_SELECTOR = YES;
				GCC_WARN_UNINITIALIZED_AUTOS = YES_AGGRESSIVE;
				GCC_WARN_UNUSED_FUNCTION = YES;
				GCC_WARN_UNUSED_VARIABLE = YES;
				MACOSX_DEPLOYMENT_TARGET = 10.15;
				MTL_ENABLE_DEBUG_INFO = INCLUDE_SOURCE;
				MTL_FAST_MATH = YES;
				ONLY_ACTIVE_ARCH = YES;
				SDKROOT = macosx;
			};
			name = Debug;
		};
		A9AD422324F8DE2B006B173B /* Release */ = {
			isa = XCBuildConfiguration;
			buildSettings = {
				ALWAYS_SEARCH_USER_PATHS = NO;
				CLANG_ANALYZER_NONNULL = YES;
				CLANG_ANALYZER_NUMBER_OBJECT_CONVERSION = YES_AGGRESSIVE;
				CLANG_CXX_LANGUAGE_STANDARD = "gnu++14";
				CLANG_CXX_LIBRARY = "libc++";
				CLANG_ENABLE_MODULES = YES;
				CLANG_ENABLE_OBJC_ARC = YES;
				CLANG_ENABLE_OBJC_WEAK = YES;
				CLANG_WARN_BLOCK_CAPTURE_AUTORELEASING = YES;
				CLANG_WARN_BOOL_CONVERSION = YES;
				CLANG_WARN_COMMA = YES;
				CLANG_WARN_CONSTANT_CONVERSION = YES;
				CLANG_WARN_DEPRECATED_OBJC_IMPLEMENTATIONS = YES;
				CLANG_WARN_DIRECT_OBJC_ISA_USAGE = YES_ERROR;
				CLANG_WARN_DOCUMENTATION_COMMENTS = YES;
				CLANG_WARN_EMPTY_BODY = YES;
				CLANG_WARN_ENUM_CONVERSION = YES;
				CLANG_WARN_INFINITE_RECURSION = YES;
				CLANG_WARN_INT_CONVERSION = YES;
				CLANG_WARN_NON_LITERAL_NULL_CONVERSION = YES;
				CLANG_WARN_OBJC_IMPLICIT_RETAIN_SELF = YES;
				CLANG_WARN_OBJC_LITERAL_CONVERSION = YES;
				CLANG_WARN_OBJC_ROOT_CLASS = YES_ERROR;
				CLANG_WARN_RANGE_LOOP_ANALYSIS = YES;
				CLANG_WARN_STRICT_PROTOTYPES = YES;
				CLANG_WARN_SUSPICIOUS_MOVE = YES;
				CLANG_WARN_UNGUARDED_AVAILABILITY = YES_AGGRESSIVE;
				CLANG_WARN_UNREACHABLE_CODE = YES;
				CLANG_WARN__DUPLICATE_METHOD_MATCH = YES;
				COPY_PHASE_STRIP = NO;
				DEBUG_INFORMATION_FORMAT = "dwarf-with-dsym";
				ENABLE_NS_ASSERTIONS = NO;
				ENABLE_STRICT_OBJC_MSGSEND = YES;
				GCC_C_LANGUAGE_STANDARD = gnu11;
				GCC_NO_COMMON_BLOCKS = YES;
				GCC_WARN_64_TO_32_BIT_CONVERSION = YES;
				GCC_WARN_ABOUT_RETURN_TYPE = YES_ERROR;
				GCC_WARN_UNDECLARED_SELECTOR = YES;
				GCC_WARN_UNINITIALIZED_AUTOS = YES_AGGRESSIVE;
				GCC_WARN_UNUSED_FUNCTION = YES;
				GCC_WARN_UNUSED_VARIABLE = YES;
				MACOSX_DEPLOYMENT_TARGET = 10.15;
				MTL_ENABLE_DEBUG_INFO = NO;
				MTL_FAST_MATH = YES;
				SDKROOT = macosx;
			};
			name = Release;
		};
		A9AD422524F8DE2B006B173B /* Debug */ = {
			isa = XCBuildConfiguration;
			buildSettings = {
				CODE_SIGN_STYLE = Automatic;
				PRODUCT_NAME = "$(TARGET_NAME)";
			};
			name = Debug;
		};
		A9AD422624F8DE2B006B173B /* Release */ = {
			isa = XCBuildConfiguration;
			buildSettings = {
				CODE_SIGN_STYLE = Automatic;
				PRODUCT_NAME = "$(TARGET_NAME)";
			};
			name = Release;
		};
		A9AD423324F8DF16006B173B /* Debug */ = {
			isa = XCBuildConfiguration;
			buildSettings = {
				CODE_SIGN_STYLE = Automatic;
				PRODUCT_NAME = "$(TARGET_NAME)";
			};
			name = Debug;
		};
		A9AD423424F8DF16006B173B /* Release */ = {
			isa = XCBuildConfiguration;
			buildSettings = {
				CODE_SIGN_STYLE = Automatic;
				PRODUCT_NAME = "$(TARGET_NAME)";
			};
			name = Release;
		};
/* End XCBuildConfiguration section */

/* Begin XCConfigurationList section */
		A9AD421824F8DE2B006B173B /* Build configuration list for PBXProject "self description" */ = {
			isa = XCConfigurationList;
			buildConfigurations = (
				A9AD422224F8DE2B006B173B /* Debug */,
				A9AD422324F8DE2B006B173B /* Release */,
			);
			defaultConfigurationIsVisible = 0;
			defaultConfigurationName = Release;
		};
		A9AD422424F8DE2B006B173B /* Build configuration list for PBXNativeTarget "self description" */ = {
			isa = XCConfigurationList;
			buildConfigurations = (
				A9AD422524F8DE2B006B173B /* Debug */,
				A9AD422624F8DE2B006B173B /* Release */,
			);
			defaultConfigurationIsVisible = 0;
			defaultConfigurationName = Release;
		};
		A9AD423224F8DF16006B173B /* Build configuration list for PBXNativeTarget "多态" */ = {
			isa = XCConfigurationList;
			buildConfigurations = (
				A9AD423324F8DF16006B173B /* Debug */,
				A9AD423424F8DF16006B173B /* Release */,
			);
			defaultConfigurationIsVisible = 0;
			defaultConfigurationName = Release;
		};
/* End XCConfigurationList section */
	};
	rootObject = A9AD421524F8DE2B006B173B /* Project object */;
}
